
Microsoft Visual Studio Solution File, Format Version 12.00
# Visual Studio Version 17
VisualStudioVersion = 17.3.32929.385
MinimumVisualStudioVersion = 10.0.40219.1
Project("{FAE04EC0-301F-11D3-BF4B-00C04F79EFBC}") = "practice_with_cycles", "practice_with_cycles\practice_with_cycles.csproj", "{E093D6E8-AA54-430E-A0D2-5A2F9A99D8B7}"
EndProject
Global
	GlobalSection(SolutionConfigurationPlatforms) = preSolution
		Debug|Any CPU = Debug|Any CPU
		Release|Any CPU = Release|Any CPU
	EndGlobalSection
	GlobalSection(ProjectConfigurationPlatforms) = postSolution
		{E093D6E8-AA54-430E-A0D2-5A2F9A99D8B7}.Debug|Any CPU.ActiveCfg = Debug|Any CPU
		{E093D6E8-AA54-430E-A0D2-5A2F9A99D8B7}.Debug|Any CPU.Build.0 = Debug|Any CPU
		{E093D6E8-AA54-430E-A0D2-5A2F9A99D8B7}.Release|Any CPU.ActiveCfg = Release|Any CPU
		{E093D6E8-AA54-430E-A0D2-5A2F9A99D8B7}.Release|Any CPU.Build.0 = Release|Any CPU
	EndGlobalSection
	GlobalSection(SolutionProperties) = preSolution
		HideSolutionNode = FALSE
	EndGlobalSection
	GlobalSection(ExtensibilityGlobals) = postSolution
		SolutionGuid = {D12E4411-EB61-4833-B2F0-2DDF67C40F83}
	EndGlobalSection
EndGlobal
